
Microsoft Visual Studio Solution File, Format Version 12.00
# Visual Studio 15
VisualStudioVersion = 15.0.28307.852
MinimumVisualStudioVersion = 10.0.40219.1
Project("{FAE04EC0-301F-11D3-BF4B-00C04F79EFBC}") = "IntexNorthwestLabs", "IntexNorthwestLabs\IntexNorthwestLabs.csproj", "{D9035941-AB78-4C5A-876F-18981DF0865A}"
EndProject
Global
	GlobalSection(SolutionConfigurationPlatforms) = preSolution
		Debug|Any CPU = Debug|Any CPU
		Release|Any CPU = Release|Any CPU
	EndGlobalSection
	GlobalSection(ProjectConfigurationPlatforms) = postSolution
		{D9035941-AB78-4C5A-876F-18981DF0865A}.Debug|Any CPU.ActiveCfg = Debug|Any CPU
		{D9035941-AB78-4C5A-876F-18981DF0865A}.Debug|Any CPU.Build.0 = Debug|Any CPU
		{D9035941-AB78-4C5A-876F-18981DF0865A}.Release|Any CPU.ActiveCfg = Release|Any CPU
		{D9035941-AB78-4C5A-876F-18981DF0865A}.Release|Any CPU.Build.0 = Release|Any CPU
	EndGlobalSection
	GlobalSection(SolutionProperties) = preSolution
		HideSolutionNode = FALSE
	EndGlobalSection
	GlobalSection(ExtensibilityGlobals) = postSolution
		SolutionGuid = {246FA2B6-9300-4A61-92C6-3F82B5BDD46A}
	EndGlobalSection
EndGlobal
